# This file is automatically @generated by Poetry 1.8.3 and should not be changed by hand.

[[package]]
name = "ast-extractor"
version = "0.1.0"
description = ""
optional = false
python-versions = "^3.10"
files = []
develop = false

[package.source]
type = "directory"
url = "../../libs/ast_extractor"

[metadata]
lock-version = "2.0"
python-versions = "^3.10"
content-hash = "b9b2e8b262e8f93ea685f7af3ca505f1577e61ab03eeabc880f6cb6ca73a0cf2"
