# This file is automatically @generated by Poetry 1.8.3 and should not be changed by hand.

[[package]]
name = "my-dog-lib"
version = "0.1.0"
description = ""
optional = false
python-versions = "^3.12"
files = []
develop = false

[package.source]
type = "directory"
url = "../my-dog-lib"

[metadata]
lock-version = "2.0"
python-versions = "^3.12"
content-hash = "f623863ab6c692a30e219567d3c3415f8d58aef6715141496f385534113588d0"
